
Microsoft Visual Studio Solution File, Format Version 12.00
# Visual Studio Version 17
VisualStudioVersion = 17.8.34511.84
MinimumVisualStudioVersion = 10.0.40219.1
Project("{FAE04EC0-301F-11D3-BF4B-00C04F79EFBC}") = "CIT 195 Lesson 6 clubMemberIndexer", "CIT 195 Lesson 6 clubMemberIndexer.csproj", "{256597D1-32ED-4254-A4B0-1547BDE2C048}"
EndProject
Global
	GlobalSection(SolutionConfigurationPlatforms) = preSolution
		Debug|Any CPU = Debug|Any CPU
		Release|Any CPU = Release|Any CPU
	EndGlobalSection
	GlobalSection(ProjectConfigurationPlatforms) = postSolution
		{256597D1-32ED-4254-A4B0-1547BDE2C048}.Debug|Any CPU.ActiveCfg = Debug|Any CPU
		{256597D1-32ED-4254-A4B0-1547BDE2C048}.Debug|Any CPU.Build.0 = Debug|Any CPU
		{256597D1-32ED-4254-A4B0-1547BDE2C048}.Release|Any CPU.ActiveCfg = Release|Any CPU
		{256597D1-32ED-4254-A4B0-1547BDE2C048}.Release|Any CPU.Build.0 = Release|Any CPU
	EndGlobalSection
	GlobalSection(SolutionProperties) = preSolution
		HideSolutionNode = FALSE
	EndGlobalSection
	GlobalSection(ExtensibilityGlobals) = postSolution
		SolutionGuid = {27EF912B-6FA9-4A39-80E9-6B09413F6448}
	EndGlobalSection
EndGlobal
